
Microsoft Visual Studio Solution File, Format Version 12.00
# Visual Studio Version 16
VisualStudioVersion = 16.0.30523.141
MinimumVisualStudioVersion = 10.0.40219.1
Project("{FAE04EC0-301F-11D3-BF4B-00C04F79EFBC}") = "FastwayTrackAndTrace", "FastwayTrackAndTrace.csproj", "{ECA586E7-31B8-4919-814A-7CB1486EB8EA}"
EndProject
Global
	GlobalSection(SolutionConfigurationPlatforms) = preSolution
		Debug|Any CPU = Debug|Any CPU
		Release|Any CPU = Release|Any CPU
	EndGlobalSection
	GlobalSection(ProjectConfigurationPlatforms) = postSolution
		{ECA586E7-31B8-4919-814A-7CB1486EB8EA}.Debug|Any CPU.ActiveCfg = Debug|Any CPU
		{ECA586E7-31B8-4919-814A-7CB1486EB8EA}.Debug|Any CPU.Build.0 = Debug|Any CPU
		{ECA586E7-31B8-4919-814A-7CB1486EB8EA}.Release|Any CPU.ActiveCfg = Release|Any CPU
		{ECA586E7-31B8-4919-814A-7CB1486EB8EA}.Release|Any CPU.Build.0 = Release|Any CPU
	EndGlobalSection
	GlobalSection(SolutionProperties) = preSolution
		HideSolutionNode = FALSE
	EndGlobalSection
	GlobalSection(ExtensibilityGlobals) = postSolution
		SolutionGuid = {9D453439-5824-4013-B175-EC9D68DA697C}
	EndGlobalSection
EndGlobal
